
Microsoft Visual Studio Solution File, Format Version 12.00
# Visual Studio Version 17
VisualStudioVersion = 17.0.31912.275
MinimumVisualStudioVersion = 10.0.40219.1
Project("{9A19103F-16F7-4668-BE54-9A1E7A4F7556}") = "SimpleWorker", "src\SimpleWorker\SimpleWorker.csproj", "{8D344F9A-8038-45A8-80CB-D8E1D3C71D32}"
EndProject
Project("{9A19103F-16F7-4668-BE54-9A1E7A4F7556}") = "UsingMediator", "src\UsingMediator\UsingMediator.csproj", "{6AC79188-4E2C-41A7-9FB9-3CC8B2843413}"
EndProject
Project("{FAE04EC0-301F-11D3-BF4B-00C04F79EFBC}") = "Contracts", "src\Contracts\Contracts.csproj", "{8E863ED7-8ED6-4B29-B0FB-923854F9E061}"
EndProject
Project("{FAE04EC0-301F-11D3-BF4B-00C04F79EFBC}") = "Components", "src\Components\Components.csproj", "{1C6F64E3-FE28-44CD-A310-029774E323A2}"
EndProject
Global
	GlobalSection(SolutionConfigurationPlatforms) = preSolution
		Debug|Any CPU = Debug|Any CPU
		Release|Any CPU = Release|Any CPU
	EndGlobalSection
	GlobalSection(ProjectConfigurationPlatforms) = postSolution
		{8D344F9A-8038-45A8-80CB-D8E1D3C71D32}.Debug|Any CPU.ActiveCfg = Debug|Any CPU
		{8D344F9A-8038-45A8-80CB-D8E1D3C71D32}.Debug|Any CPU.Build.0 = Debug|Any CPU
		{8D344F9A-8038-45A8-80CB-D8E1D3C71D32}.Release|Any CPU.ActiveCfg = Release|Any CPU
		{8D344F9A-8038-45A8-80CB-D8E1D3C71D32}.Release|Any CPU.Build.0 = Release|Any CPU
		{6AC79188-4E2C-41A7-9FB9-3CC8B2843413}.Debug|Any CPU.ActiveCfg = Debug|Any CPU
		{6AC79188-4E2C-41A7-9FB9-3CC8B2843413}.Debug|Any CPU.Build.0 = Debug|Any CPU
		{6AC79188-4E2C-41A7-9FB9-3CC8B2843413}.Release|Any CPU.ActiveCfg = Release|Any CPU
		{6AC79188-4E2C-41A7-9FB9-3CC8B2843413}.Release|Any CPU.Build.0 = Release|Any CPU
		{8E863ED7-8ED6-4B29-B0FB-923854F9E061}.Debug|Any CPU.ActiveCfg = Debug|Any CPU
		{8E863ED7-8ED6-4B29-B0FB-923854F9E061}.Debug|Any CPU.Build.0 = Debug|Any CPU
		{8E863ED7-8ED6-4B29-B0FB-923854F9E061}.Release|Any CPU.ActiveCfg = Release|Any CPU
		{8E863ED7-8ED6-4B29-B0FB-923854F9E061}.Release|Any CPU.Build.0 = Release|Any CPU
		{1C6F64E3-FE28-44CD-A310-029774E323A2}.Debug|Any CPU.ActiveCfg = Debug|Any CPU
		{1C6F64E3-FE28-44CD-A310-029774E323A2}.Debug|Any CPU.Build.0 = Debug|Any CPU
		{1C6F64E3-FE28-44CD-A310-029774E323A2}.Release|Any CPU.ActiveCfg = Release|Any CPU
		{1C6F64E3-FE28-44CD-A310-029774E323A2}.Release|Any CPU.Build.0 = Release|Any CPU
	EndGlobalSection
	GlobalSection(SolutionProperties) = preSolution
		HideSolutionNode = FALSE
	EndGlobalSection
	GlobalSection(ExtensibilityGlobals) = postSolution
		SolutionGuid = {B11FEC99-56F5-49F3-BFFC-56D1560DE852}
	EndGlobalSection
EndGlobal
